
Microsoft Visual Studio Solution File, Format Version 12.00
# Visual Studio Version 17
VisualStudioVersion = 17.9.34607.119
MinimumVisualStudioVersion = 10.0.40219.1
Project("{FAE04EC0-301F-11D3-BF4B-00C04F79EFBC}") = "Supermarket", "Supermarket\Supermarket.csproj", "{906570A2-B5CA-4DFB-95A4-F0A7C6F1110D}"
EndProject
Global
	GlobalSection(SolutionConfigurationPlatforms) = preSolution
		Debug|Any CPU = Debug|Any CPU
		Release|Any CPU = Release|Any CPU
	EndGlobalSection
	GlobalSection(ProjectConfigurationPlatforms) = postSolution
		{906570A2-B5CA-4DFB-95A4-F0A7C6F1110D}.Debug|Any CPU.ActiveCfg = Debug|Any CPU
		{906570A2-B5CA-4DFB-95A4-F0A7C6F1110D}.Debug|Any CPU.Build.0 = Debug|Any CPU
		{906570A2-B5CA-4DFB-95A4-F0A7C6F1110D}.Release|Any CPU.ActiveCfg = Release|Any CPU
		{906570A2-B5CA-4DFB-95A4-F0A7C6F1110D}.Release|Any CPU.Build.0 = Release|Any CPU
	EndGlobalSection
	GlobalSection(SolutionProperties) = preSolution
		HideSolutionNode = FALSE
	EndGlobalSection
	GlobalSection(ExtensibilityGlobals) = postSolution
		SolutionGuid = {34BB75B6-2EA4-4F33-881D-3F2960F1AEC7}
	EndGlobalSection
EndGlobal
